
Microsoft Visual Studio Solution File, Format Version 12.00
# Visual Studio Version 16
VisualStudioVersion = 16.0.30907.101
MinimumVisualStudioVersion = 10.0.40219.1
Project("{FAE04EC0-301F-11D3-BF4B-00C04F79EFBC}") = "advanced-c-chapter-1-Nick-vr", "advanced-c-chapter-1-Nick-vr.csproj", "{21B37FB9-D4B6-4D10-BA25-0BF53F9F6850}"
EndProject
Global
	GlobalSection(SolutionConfigurationPlatforms) = preSolution
		Debug|Any CPU = Debug|Any CPU
		Release|Any CPU = Release|Any CPU
	EndGlobalSection
	GlobalSection(ProjectConfigurationPlatforms) = postSolution
		{21B37FB9-D4B6-4D10-BA25-0BF53F9F6850}.Debug|Any CPU.ActiveCfg = Debug|Any CPU
		{21B37FB9-D4B6-4D10-BA25-0BF53F9F6850}.Debug|Any CPU.Build.0 = Debug|Any CPU
		{21B37FB9-D4B6-4D10-BA25-0BF53F9F6850}.Release|Any CPU.ActiveCfg = Release|Any CPU
		{21B37FB9-D4B6-4D10-BA25-0BF53F9F6850}.Release|Any CPU.Build.0 = Release|Any CPU
	EndGlobalSection
	GlobalSection(SolutionProperties) = preSolution
		HideSolutionNode = FALSE
	EndGlobalSection
	GlobalSection(ExtensibilityGlobals) = postSolution
		SolutionGuid = {0157BF39-F291-445C-95B0-0A4AE62A6AF0}
	EndGlobalSection
EndGlobal
